
Microsoft Visual Studio Solution File, Format Version 12.00
# Visual Studio Version 17
VisualStudioVersion = 17.3.32929.385
MinimumVisualStudioVersion = 10.0.40219.1
Project("{FAE04EC0-301F-11D3-BF4B-00C04F79EFBC}") = "Projeto", "Projeto.csproj", "{0E3BCA66-8215-43FE-B8BA-3C3A5E92643D}"
EndProject
Global
	GlobalSection(SolutionConfigurationPlatforms) = preSolution
		Debug|Any CPU = Debug|Any CPU
		Release|Any CPU = Release|Any CPU
	EndGlobalSection
	GlobalSection(ProjectConfigurationPlatforms) = postSolution
		{0E3BCA66-8215-43FE-B8BA-3C3A5E92643D}.Debug|Any CPU.ActiveCfg = Debug|Any CPU
		{0E3BCA66-8215-43FE-B8BA-3C3A5E92643D}.Debug|Any CPU.Build.0 = Debug|Any CPU
		{0E3BCA66-8215-43FE-B8BA-3C3A5E92643D}.Release|Any CPU.ActiveCfg = Release|Any CPU
		{0E3BCA66-8215-43FE-B8BA-3C3A5E92643D}.Release|Any CPU.Build.0 = Release|Any CPU
	EndGlobalSection
	GlobalSection(SolutionProperties) = preSolution
		HideSolutionNode = FALSE
	EndGlobalSection
	GlobalSection(ExtensibilityGlobals) = postSolution
		SolutionGuid = {10DBF499-D083-467C-9205-90FE182C9E4F}
	EndGlobalSection
EndGlobal
